
Microsoft Visual Studio Solution File, Format Version 12.00
# Visual Studio Version 16
VisualStudioVersion = 16.0.31702.278
MinimumVisualStudioVersion = 10.0.40219.1
Project("{FAE04EC0-301F-11D3-BF4B-00C04F79EFBC}") = "TestingForms", "TestingForms\TestingForms.csproj", "{FEEA7EAE-6993-45FE-A32A-DD1F45D1CE6D}"
EndProject
Global
	GlobalSection(SolutionConfigurationPlatforms) = preSolution
		Debug|Any CPU = Debug|Any CPU
		Release|Any CPU = Release|Any CPU
	EndGlobalSection
	GlobalSection(ProjectConfigurationPlatforms) = postSolution
		{FEEA7EAE-6993-45FE-A32A-DD1F45D1CE6D}.Debug|Any CPU.ActiveCfg = Debug|Any CPU
		{FEEA7EAE-6993-45FE-A32A-DD1F45D1CE6D}.Debug|Any CPU.Build.0 = Debug|Any CPU
		{FEEA7EAE-6993-45FE-A32A-DD1F45D1CE6D}.Release|Any CPU.ActiveCfg = Release|Any CPU
		{FEEA7EAE-6993-45FE-A32A-DD1F45D1CE6D}.Release|Any CPU.Build.0 = Release|Any CPU
	EndGlobalSection
	GlobalSection(SolutionProperties) = preSolution
		HideSolutionNode = FALSE
	EndGlobalSection
	GlobalSection(ExtensibilityGlobals) = postSolution
		SolutionGuid = {6A49DE33-1640-489E-A28C-B692D5D751CE}
	EndGlobalSection
EndGlobal
